
Microsoft Visual Studio Solution File, Format Version 12.00
# Visual Studio Version 16
VisualStudioVersion = 16.0.30523.141
MinimumVisualStudioVersion = 10.0.40219.1
Project("{FAE04EC0-301F-11D3-BF4B-00C04F79EFBC}") = "xamarin_test.UWP", "xamarin_test\xamarin_test.UWP\xamarin_test.UWP.csproj", "{417BD47F-326B-4B42-A56F-1DFFAA00972E}"
EndProject
Project("{FAE04EC0-301F-11D3-BF4B-00C04F79EFBC}") = "xamarin_test.Android", "xamarin_test\xamarin_test.Android\xamarin_test.Android.csproj", "{7DD69FCF-9402-4440-87B4-70F2FD1565A1}"
EndProject
Project("{FAE04EC0-301F-11D3-BF4B-00C04F79EFBC}") = "xamarin_test.iOS", "xamarin_test\xamarin_test.iOS\xamarin_test.iOS.csproj", "{3236836F-51D3-4CF3-BE0D-EF46957AED87}"
EndProject
Project("{FAE04EC0-301F-11D3-BF4B-00C04F79EFBC}") = "xamarin_test", "xamarin_test\xamarin_test\xamarin_test.csproj", "{CC5D692C-FEF0-4858-8BD3-DEC291491EBB}"
EndProject
Global
	GlobalSection(SolutionConfigurationPlatforms) = preSolution
		Debug|Any CPU = Debug|Any CPU
		Debug|ARM = Debug|ARM
		Debug|iPhone = Debug|iPhone
		Debug|iPhoneSimulator = Debug|iPhoneSimulator
		Debug|x64 = Debug|x64
		Debug|x86 = Debug|x86
		Release|Any CPU = Release|Any CPU
		Release|ARM = Release|ARM
		Release|iPhone = Release|iPhone
		Release|iPhoneSimulator = Release|iPhoneSimulator
		Release|x64 = Release|x64
		Release|x86 = Release|x86
	EndGlobalSection
	GlobalSection(ProjectConfigurationPlatforms) = postSolution
		{417BD47F-326B-4B42-A56F-1DFFAA00972E}.Debug|Any CPU.ActiveCfg = Debug|x86
		{417BD47F-326B-4B42-A56F-1DFFAA00972E}.Debug|Any CPU.Build.0 = Debug|x86
		{417BD47F-326B-4B42-A56F-1DFFAA00972E}.Debug|Any CPU.Deploy.0 = Debug|x86
		{417BD47F-326B-4B42-A56F-1DFFAA00972E}.Debug|ARM.ActiveCfg = Debug|ARM
		{417BD47F-326B-4B42-A56F-1DFFAA00972E}.Debug|ARM.Build.0 = Debug|ARM
		{417BD47F-326B-4B42-A56F-1DFFAA00972E}.Debug|ARM.Deploy.0 = Debug|ARM
		{417BD47F-326B-4B42-A56F-1DFFAA00972E}.Debug|iPhone.ActiveCfg = Debug|x86
		{417BD47F-326B-4B42-A56F-1DFFAA00972E}.Debug|iPhone.Build.0 = Debug|x86
		{417BD47F-326B-4B42-A56F-1DFFAA00972E}.Debug|iPhone.Deploy.0 = Debug|x86
		{417BD47F-326B-4B42-A56F-1DFFAA00972E}.Debug|iPhoneSimulator.ActiveCfg = Debug|x86
		{417BD47F-326B-4B42-A56F-1DFFAA00972E}.Debug|iPhoneSimulator.Build.0 = Debug|x86
		{417BD47F-326B-4B42-A56F-1DFFAA00972E}.Debug|iPhoneSimulator.Deploy.0 = Debug|x86
		{417BD47F-326B-4B42-A56F-1DFFAA00972E}.Debug|x64.ActiveCfg = Debug|x64
		{417BD47F-326B-4B42-A56F-1DFFAA00972E}.Debug|x64.Build.0 = Debug|x64
		{417BD47F-326B-4B42-A56F-1DFFAA00972E}.Debug|x64.Deploy.0 = Debug|x64
		{417BD47F-326B-4B42-A56F-1DFFAA00972E}.Debug|x86.ActiveCfg = Debug|x86
		{417BD47F-326B-4B42-A56F-1DFFAA00972E}.Debug|x86.Build.0 = Debug|x86
		{417BD47F-326B-4B42-A56F-1DFFAA00972E}.Debug|x86.Deploy.0 = Debug|x86
		{417BD47F-326B-4B42-A56F-1DFFAA00972E}.Release|Any CPU.ActiveCfg = Release|x86
		{417BD47F-326B-4B42-A56F-1DFFAA00972E}.Release|Any CPU.Build.0 = Release|x86
		{417BD47F-326B-4B42-A56F-1DFFAA00972E}.Release|Any CPU.Deploy.0 = Release|x86
		{417BD47F-326B-4B42-A56F-1DFFAA00972E}.Release|ARM.ActiveCfg = Release|ARM
		{417BD47F-326B-4B42-A56F-1DFFAA00972E}.Release|ARM.Build.0 = Release|ARM
		{417BD47F-326B-4B42-A56F-1DFFAA00972E}.Release|ARM.Deploy.0 = Release|ARM
		{417BD47F-326B-4B42-A56F-1DFFAA00972E}.Release|iPhone.ActiveCfg = Release|x86
		{417BD47F-326B-4B42-A56F-1DFFAA00972E}.Release|iPhone.Build.0 = Release|x86
		{417BD47F-326B-4B42-A56F-1DFFAA00972E}.Release|iPhone.Deploy.0 = Release|x86
		{417BD47F-326B-4B42-A56F-1DFFAA00972E}.Release|iPhoneSimulator.ActiveCfg = Release|x86
		{417BD47F-326B-4B42-A56F-1DFFAA00972E}.Release|iPhoneSimulator.Build.0 = Release|x86
		{417BD47F-326B-4B42-A56F-1DFFAA00972E}.Release|iPhoneSimulator.Deploy.0 = Release|x86
		{417BD47F-326B-4B42-A56F-1DFFAA00972E}.Release|x64.ActiveCfg = Release|x64
		{417BD47F-326B-4B42-A56F-1DFFAA00972E}.Release|x64.Build.0 = Release|x64
		{417BD47F-326B-4B42-A56F-1DFFAA00972E}.Release|x64.Deploy.0 = Release|x64
		{417BD47F-326B-4B42-A56F-1DFFAA00972E}.Release|x86.ActiveCfg = Release|x86
		{417BD47F-326B-4B42-A56F-1DFFAA00972E}.Release|x86.Build.0 = Release|x86
		{417BD47F-326B-4B42-A56F-1DFFAA00972E}.Release|x86.Deploy.0 = Release|x86
		{7DD69FCF-9402-4440-87B4-70F2FD1565A1}.Debug|Any CPU.ActiveCfg = Debug|Any CPU
		{7DD69FCF-9402-4440-87B4-70F2FD1565A1}.Debug|Any CPU.Build.0 = Debug|Any CPU
		{7DD69FCF-9402-4440-87B4-70F2FD1565A1}.Debug|Any CPU.Deploy.0 = Debug|Any CPU
		{7DD69FCF-9402-4440-87B4-70F2FD1565A1}.Debug|ARM.ActiveCfg = Debug|Any CPU
		{7DD69FCF-9402-4440-87B4-70F2FD1565A1}.Debug|ARM.Build.0 = Debug|Any CPU
		{7DD69FCF-9402-4440-87B4-70F2FD1565A1}.Debug|ARM.Deploy.0 = Debug|Any CPU
		{7DD69FCF-9402-4440-87B4-70F2FD1565A1}.Debug|iPhone.ActiveCfg = Debug|Any CPU
		{7DD69FCF-9402-4440-87B4-70F2FD1565A1}.Debug|iPhone.Build.0 = Debug|Any CPU
		{7DD69FCF-9402-4440-87B4-70F2FD1565A1}.Debug|iPhone.Deploy.0 = Debug|Any CPU
		{7DD69FCF-9402-4440-87B4-70F2FD1565A1}.Debug|iPhoneSimulator.ActiveCfg = Debug|Any CPU
		{7DD69FCF-9402-4440-87B4-70F2FD1565A1}.Debug|iPhoneSimulator.Build.0 = Debug|Any CPU
		{7DD69FCF-9402-4440-87B4-70F2FD1565A1}.Debug|iPhoneSimulator.Deploy.0 = Debug|Any CPU
		{7DD69FCF-9402-4440-87B4-70F2FD1565A1}.Debug|x64.ActiveCfg = Debug|Any CPU
		{7DD69FCF-9402-4440-87B4-70F2FD1565A1}.Debug|x64.Build.0 = Debug|Any CPU
		{7DD69FCF-9402-4440-87B4-70F2FD1565A1}.Debug|x64.Deploy.0 = Debug|Any CPU
		{7DD69FCF-9402-4440-87B4-70F2FD1565A1}.Debug|x86.ActiveCfg = Debug|Any CPU
		{7DD69FCF-9402-4440-87B4-70F2FD1565A1}.Debug|x86.Build.0 = Debug|Any CPU
		{7DD69FCF-9402-4440-87B4-70F2FD1565A1}.Debug|x86.Deploy.0 = Debug|Any CPU
		{7DD69FCF-9402-4440-87B4-70F2FD1565A1}.Release|Any CPU.ActiveCfg = Release|Any CPU
		{7DD69FCF-9402-4440-87B4-70F2FD1565A1}.Release|Any CPU.Build.0 = Release|Any CPU
		{7DD69FCF-9402-4440-87B4-70F2FD1565A1}.Release|Any CPU.Deploy.0 = Release|Any CPU
		{7DD69FCF-9402-4440-87B4-70F2FD1565A1}.Release|ARM.ActiveCfg = Release|Any CPU
		{7DD69FCF-9402-4440-87B4-70F2FD1565A1}.Release|ARM.Build.0 = Release|Any CPU
		{7DD69FCF-9402-4440-87B4-70F2FD1565A1}.Release|ARM.Deploy.0 = Release|Any CPU
		{7DD69FCF-9402-4440-87B4-70F2FD1565A1}.Release|iPhone.ActiveCfg = Release|Any CPU
		{7DD69FCF-9402-4440-87B4-70F2FD1565A1}.Release|iPhone.Build.0 = Release|Any CPU
		{7DD69FCF-9402-4440-87B4-70F2FD1565A1}.Release|iPhone.Deploy.0 = Release|Any CPU
		{7DD69FCF-9402-4440-87B4-70F2FD1565A1}.Release|iPhoneSimulator.ActiveCfg = Release|Any CPU
		{7DD69FCF-9402-4440-87B4-70F2FD1565A1}.Release|iPhoneSimulator.Build.0 = Release|Any CPU
		{7DD69FCF-9402-4440-87B4-70F2FD1565A1}.Release|iPhoneSimulator.Deploy.0 = Release|Any CPU
		{7DD69FCF-9402-4440-87B4-70F2FD1565A1}.Release|x64.ActiveCfg = Release|Any CPU
		{7DD69FCF-9402-4440-87B4-70F2FD1565A1}.Release|x64.Build.0 = Release|Any CPU
		{7DD69FCF-9402-4440-87B4-70F2FD1565A1}.Release|x64.Deploy.0 = Release|Any CPU
		{7DD69FCF-9402-4440-87B4-70F2FD1565A1}.Release|x86.ActiveCfg = Release|Any CPU
		{7DD69FCF-9402-4440-87B4-70F2FD1565A1}.Release|x86.Build.0 = Release|Any CPU
		{7DD69FCF-9402-4440-87B4-70F2FD1565A1}.Release|x86.Deploy.0 = Release|Any CPU
		{3236836F-51D3-4CF3-BE0D-EF46957AED87}.Debug|Any CPU.ActiveCfg = Debug|iPhoneSimulator
		{3236836F-51D3-4CF3-BE0D-EF46957AED87}.Debug|Any CPU.Build.0 = Debug|iPhoneSimulator
		{3236836F-51D3-4CF3-BE0D-EF46957AED87}.Debug|Any CPU.Deploy.0 = Debug|iPhoneSimulator
		{3236836F-51D3-4CF3-BE0D-EF46957AED87}.Debug|ARM.ActiveCfg = Debug|iPhone
		{3236836F-51D3-4CF3-BE0D-EF46957AED87}.Debug|ARM.Build.0 = Debug|iPhone
		{3236836F-51D3-4CF3-BE0D-EF46957AED87}.Debug|ARM.Deploy.0 = Debug|iPhone
		{3236836F-51D3-4CF3-BE0D-EF46957AED87}.Debug|iPhone.ActiveCfg = Debug|iPhone
		{3236836F-51D3-4CF3-BE0D-EF46957AED87}.Debug|iPhone.Build.0 = Debug|iPhone
		{3236836F-51D3-4CF3-BE0D-EF46957AED87}.Debug|iPhone.Deploy.0 = Debug|iPhone
		{3236836F-51D3-4CF3-BE0D-EF46957AED87}.Debug|iPhoneSimulator.ActiveCfg = Debug|iPhoneSimulator
		{3236836F-51D3-4CF3-BE0D-EF46957AED87}.Debug|iPhoneSimulator.Build.0 = Debug|iPhoneSimulator
		{3236836F-51D3-4CF3-BE0D-EF46957AED87}.Debug|iPhoneSimulator.Deploy.0 = Debug|iPhoneSimulator
		{3236836F-51D3-4CF3-BE0D-EF46957AED87}.Debug|x64.ActiveCfg = Debug|iPhoneSimulator
		{3236836F-51D3-4CF3-BE0D-EF46957AED87}.Debug|x64.Build.0 = Debug|iPhoneSimulator
		{3236836F-51D3-4CF3-BE0D-EF46957AED87}.Debug|x64.Deploy.0 = Debug|iPhoneSimulator
		{3236836F-51D3-4CF3-BE0D-EF46957AED87}.Debug|x86.ActiveCfg = Debug|iPhoneSimulator
		{3236836F-51D3-4CF3-BE0D-EF46957AED87}.Debug|x86.Build.0 = Debug|iPhoneSimulator
		{3236836F-51D3-4CF3-BE0D-EF46957AED87}.Debug|x86.Deploy.0 = Debug|iPhoneSimulator
		{3236836F-51D3-4CF3-BE0D-EF46957AED87}.Release|Any CPU.ActiveCfg = Release|iPhoneSimulator
		{3236836F-51D3-4CF3-BE0D-EF46957AED87}.Release|Any CPU.Build.0 = Release|iPhoneSimulator
		{3236836F-51D3-4CF3-BE0D-EF46957AED87}.Release|Any CPU.Deploy.0 = Release|iPhoneSimulator
		{3236836F-51D3-4CF3-BE0D-EF46957AED87}.Release|ARM.ActiveCfg = Release|iPhoneSimulator
		{3236836F-51D3-4CF3-BE0D-EF46957AED87}.Release|ARM.Build.0 = Release|iPhoneSimulator
		{3236836F-51D3-4CF3-BE0D-EF46957AED87}.Release|ARM.Deploy.0 = Release|iPhoneSimulator
		{3236836F-51D3-4CF3-BE0D-EF46957AED87}.Release|iPhone.ActiveCfg = Release|iPhone
		{3236836F-51D3-4CF3-BE0D-EF46957AED87}.Release|iPhone.Build.0 = Release|iPhone
		{3236836F-51D3-4CF3-BE0D-EF46957AED87}.Release|iPhone.Deploy.0 = Release|iPhone
		{3236836F-51D3-4CF3-BE0D-EF46957AED87}.Release|iPhoneSimulator.ActiveCfg = Release|iPhoneSimulator
		{3236836F-51D3-4CF3-BE0D-EF46957AED87}.Release|iPhoneSimulator.Build.0 = Release|iPhoneSimulator
		{3236836F-51D3-4CF3-BE0D-EF46957AED87}.Release|iPhoneSimulator.Deploy.0 = Release|iPhoneSimulator
		{3236836F-51D3-4CF3-BE0D-EF46957AED87}.Release|x64.ActiveCfg = Release|iPhoneSimulator
		{3236836F-51D3-4CF3-BE0D-EF46957AED87}.Release|x64.Build.0 = Release|iPhoneSimulator
		{3236836F-51D3-4CF3-BE0D-EF46957AED87}.Release|x64.Deploy.0 = Release|iPhoneSimulator
		{3236836F-51D3-4CF3-BE0D-EF46957AED87}.Release|x86.ActiveCfg = Release|iPhoneSimulator
		{3236836F-51D3-4CF3-BE0D-EF46957AED87}.Release|x86.Build.0 = Release|iPhoneSimulator
		{3236836F-51D3-4CF3-BE0D-EF46957AED87}.Release|x86.Deploy.0 = Release|iPhoneSimulator
		{CC5D692C-FEF0-4858-8BD3-DEC291491EBB}.Debug|Any CPU.ActiveCfg = Debug|Any CPU
		{CC5D692C-FEF0-4858-8BD3-DEC291491EBB}.Debug|Any CPU.Build.0 = Debug|Any CPU
		{CC5D692C-FEF0-4858-8BD3-DEC291491EBB}.Debug|Any CPU.Deploy.0 = Debug|Any CPU
		{CC5D692C-FEF0-4858-8BD3-DEC291491EBB}.Debug|ARM.ActiveCfg = Debug|Any CPU
		{CC5D692C-FEF0-4858-8BD3-DEC291491EBB}.Debug|ARM.Build.0 = Debug|Any CPU
		{CC5D692C-FEF0-4858-8BD3-DEC291491EBB}.Debug|ARM.Deploy.0 = Debug|Any CPU
		{CC5D692C-FEF0-4858-8BD3-DEC291491EBB}.Debug|iPhone.ActiveCfg = Debug|Any CPU
		{CC5D692C-FEF0-4858-8BD3-DEC291491EBB}.Debug|iPhone.Build.0 = Debug|Any CPU
		{CC5D692C-FEF0-4858-8BD3-DEC291491EBB}.Debug|iPhone.Deploy.0 = Debug|Any CPU
		{CC5D692C-FEF0-4858-8BD3-DEC291491EBB}.Debug|iPhoneSimulator.ActiveCfg = Debug|Any CPU
		{CC5D692C-FEF0-4858-8BD3-DEC291491EBB}.Debug|iPhoneSimulator.Build.0 = Debug|Any CPU
		{CC5D692C-FEF0-4858-8BD3-DEC291491EBB}.Debug|iPhoneSimulator.Deploy.0 = Debug|Any CPU
		{CC5D692C-FEF0-4858-8BD3-DEC291491EBB}.Debug|x64.ActiveCfg = Debug|Any CPU
		{CC5D692C-FEF0-4858-8BD3-DEC291491EBB}.Debug|x64.Build.0 = Debug|Any CPU
		{CC5D692C-FEF0-4858-8BD3-DEC291491EBB}.Debug|x64.Deploy.0 = Debug|Any CPU
		{CC5D692C-FEF0-4858-8BD3-DEC291491EBB}.Debug|x86.ActiveCfg = Debug|Any CPU
		{CC5D692C-FEF0-4858-8BD3-DEC291491EBB}.Debug|x86.Build.0 = Debug|Any CPU
		{CC5D692C-FEF0-4858-8BD3-DEC291491EBB}.Debug|x86.Deploy.0 = Debug|Any CPU
		{CC5D692C-FEF0-4858-8BD3-DEC291491EBB}.Release|Any CPU.ActiveCfg = Release|Any CPU
		{CC5D692C-FEF0-4858-8BD3-DEC291491EBB}.Release|Any CPU.Build.0 = Release|Any CPU
		{CC5D692C-FEF0-4858-8BD3-DEC291491EBB}.Release|Any CPU.Deploy.0 = Release|Any CPU
		{CC5D692C-FEF0-4858-8BD3-DEC291491EBB}.Release|ARM.ActiveCfg = Release|Any CPU
		{CC5D692C-FEF0-4858-8BD3-DEC291491EBB}.Release|ARM.Build.0 = Release|Any CPU
		{CC5D692C-FEF0-4858-8BD3-DEC291491EBB}.Release|ARM.Deploy.0 = Release|Any CPU
		{CC5D692C-FEF0-4858-8BD3-DEC291491EBB}.Release|iPhone.ActiveCfg = Release|Any CPU
		{CC5D692C-FEF0-4858-8BD3-DEC291491EBB}.Release|iPhone.Build.0 = Release|Any CPU
		{CC5D692C-FEF0-4858-8BD3-DEC291491EBB}.Release|iPhone.Deploy.0 = Release|Any CPU
		{CC5D692C-FEF0-4858-8BD3-DEC291491EBB}.Release|iPhoneSimulator.ActiveCfg = Release|Any CPU
		{CC5D692C-FEF0-4858-8BD3-DEC291491EBB}.Release|iPhoneSimulator.Build.0 = Release|Any CPU
		{CC5D692C-FEF0-4858-8BD3-DEC291491EBB}.Release|iPhoneSimulator.Deploy.0 = Release|Any CPU
		{CC5D692C-FEF0-4858-8BD3-DEC291491EBB}.Release|x64.ActiveCfg = Release|Any CPU
		{CC5D692C-FEF0-4858-8BD3-DEC291491EBB}.Release|x64.Build.0 = Release|Any CPU
		{CC5D692C-FEF0-4858-8BD3-DEC291491EBB}.Release|x64.Deploy.0 = Release|Any CPU
		{CC5D692C-FEF0-4858-8BD3-DEC291491EBB}.Release|x86.ActiveCfg = Release|Any CPU
		{CC5D692C-FEF0-4858-8BD3-DEC291491EBB}.Release|x86.Build.0 = Release|Any CPU
		{CC5D692C-FEF0-4858-8BD3-DEC291491EBB}.Release|x86.Deploy.0 = Release|Any CPU
	EndGlobalSection
	GlobalSection(SolutionProperties) = preSolution
		HideSolutionNode = FALSE
	EndGlobalSection
	GlobalSection(ExtensibilityGlobals) = postSolution
		SolutionGuid = {0FE20C5A-4EEF-46FE-85C5-2BE690D8C7A0}
	EndGlobalSection
EndGlobal
